
Microsoft Visual Studio Solution File, Format Version 12.00
# Visual Studio Version 16
VisualStudioVersion = 16.0.32802.440
MinimumVisualStudioVersion = 10.0.40219.1
Project("{FAE04EC0-301F-11D3-BF4B-00C04F79EFBC}") = "TechnicalHW4", "TechnicalHW4\TechnicalHW4.csproj", "{66E93BA7-7899-4FB5-91BD-CBF05CB92739}"
EndProject
Global
	GlobalSection(SolutionConfigurationPlatforms) = preSolution
		Debug|Any CPU = Debug|Any CPU
		Release|Any CPU = Release|Any CPU
	EndGlobalSection
	GlobalSection(ProjectConfigurationPlatforms) = postSolution
		{66E93BA7-7899-4FB5-91BD-CBF05CB92739}.Debug|Any CPU.ActiveCfg = Debug|Any CPU
		{66E93BA7-7899-4FB5-91BD-CBF05CB92739}.Debug|Any CPU.Build.0 = Debug|Any CPU
		{66E93BA7-7899-4FB5-91BD-CBF05CB92739}.Release|Any CPU.ActiveCfg = Release|Any CPU
		{66E93BA7-7899-4FB5-91BD-CBF05CB92739}.Release|Any CPU.Build.0 = Release|Any CPU
	EndGlobalSection
	GlobalSection(SolutionProperties) = preSolution
		HideSolutionNode = FALSE
	EndGlobalSection
	GlobalSection(ExtensibilityGlobals) = postSolution
		SolutionGuid = {CEC8B4D9-43B7-4258-9CDD-83F49DE3ACCF}
	EndGlobalSection
EndGlobal
